
Microsoft Visual Studio Solution File, Format Version 12.00
# Visual Studio Version 16
VisualStudioVersion = 16.0.31702.278
MinimumVisualStudioVersion = 10.0.40219.1
Project("{FAE04EC0-301F-11D3-BF4B-00C04F79EFBC}") = "Ahoy.API", "Ahoy.API\Ahoy.API.csproj", "{E59FD196-9BC8-49B8-9F99-252E00A9BD85}"
EndProject
Project("{FAE04EC0-301F-11D3-BF4B-00C04F79EFBC}") = "Ahoy.Domain", "Ahoy.Domain\Ahoy.Domain.csproj", "{E2202B26-9F52-4211-A431-D5BA067BA5B7}"
EndProject
Project("{FAE04EC0-301F-11D3-BF4B-00C04F79EFBC}") = "Ahoy.Infrastructure", "Ahoy.Infrastructure\Ahoy.Infrastructure.csproj", "{5FC71C0B-0993-4399-B43E-0FC6727D9C2A}"
EndProject
Global
	GlobalSection(SolutionConfigurationPlatforms) = preSolution
		Debug|Any CPU = Debug|Any CPU
		Release|Any CPU = Release|Any CPU
	EndGlobalSection
	GlobalSection(ProjectConfigurationPlatforms) = postSolution
		{E59FD196-9BC8-49B8-9F99-252E00A9BD85}.Debug|Any CPU.ActiveCfg = Debug|Any CPU
		{E59FD196-9BC8-49B8-9F99-252E00A9BD85}.Debug|Any CPU.Build.0 = Debug|Any CPU
		{E59FD196-9BC8-49B8-9F99-252E00A9BD85}.Release|Any CPU.ActiveCfg = Release|Any CPU
		{E59FD196-9BC8-49B8-9F99-252E00A9BD85}.Release|Any CPU.Build.0 = Release|Any CPU
		{E2202B26-9F52-4211-A431-D5BA067BA5B7}.Debug|Any CPU.ActiveCfg = Debug|Any CPU
		{E2202B26-9F52-4211-A431-D5BA067BA5B7}.Debug|Any CPU.Build.0 = Debug|Any CPU
		{E2202B26-9F52-4211-A431-D5BA067BA5B7}.Release|Any CPU.ActiveCfg = Release|Any CPU
		{E2202B26-9F52-4211-A431-D5BA067BA5B7}.Release|Any CPU.Build.0 = Release|Any CPU
		{5FC71C0B-0993-4399-B43E-0FC6727D9C2A}.Debug|Any CPU.ActiveCfg = Debug|Any CPU
		{5FC71C0B-0993-4399-B43E-0FC6727D9C2A}.Debug|Any CPU.Build.0 = Debug|Any CPU
		{5FC71C0B-0993-4399-B43E-0FC6727D9C2A}.Release|Any CPU.ActiveCfg = Release|Any CPU
		{5FC71C0B-0993-4399-B43E-0FC6727D9C2A}.Release|Any CPU.Build.0 = Release|Any CPU
	EndGlobalSection
	GlobalSection(SolutionProperties) = preSolution
		HideSolutionNode = FALSE
	EndGlobalSection
	GlobalSection(ExtensibilityGlobals) = postSolution
		SolutionGuid = {BFD077B4-864B-4A3D-909C-708BE0D4A4C0}
	EndGlobalSection
EndGlobal
